// !$*UTF8*$!
{
	archiveVersion = 1;
	classes = {
	};
	objectVersion = 50;
	objects = {

/* Begin PBXBuildFile section */
		1E31B8E720EA5E0C008E6BA8 /* AppDelegate.swift in Sources */ = {isa = PBXBuildFile; fileRef = 1E31B8E620EA5E0C008E6BA8 /* AppDelegate.swift */; };
		1E31B8E920EA5E0C008E6BA8 /* ToDoListViewController.swift in Sources */ = {isa = PBXBuildFile; fileRef = 1E31B8E820EA5E0C008E6BA8 /* ToDoListViewController.swift */; };
		1E31B8EC20EA5E0C008E6BA8 /* Main.storyboard in Resources */ = {isa = PBXBuildFile; fileRef = 1E31B8EA20EA5E0C008E6BA8 /* Main.storyboard */; };
		1E31B8EE20EA5E12008E6BA8 /* Assets.xcassets in Resources */ = {isa = PBXBuildFile; fileRef = 1E31B8ED20EA5E12008E6BA8 /* Assets.xcassets */; };
		1E31B8F120EA5E12008E6BA8 /* LaunchScreen.storyboard in Resources */ = {isa = PBXBuildFile; fileRef = 1E31B8EF20EA5E12008E6BA8 /* LaunchScreen.storyboard */; };
		1EDA87AD20ECF28000141AAF /* DataModel.xcdatamodeld in Sources */ = {isa = PBXBuildFile; fileRef = 1EDA87AB20ECF28000141AAF /* DataModel.xcdatamodeld */; };
		1EDA87AF20EEA38300141AAF /* CategoryViewController.swift in Sources */ = {isa = PBXBuildFile; fileRef = 1EDA87AE20EEA38300141AAF /* CategoryViewController.swift */; };
/* End PBXBuildFile section */

/* Begin PBXFileReference section */
		1E31B8E320EA5E0C008E6BA8 /* Todoey.app */ = {isa = PBXFileReference; explicitFileType = wrapper.application; includeInIndex = 0; path = Todoey.app; sourceTree = BUILT_PRODUCTS_DIR; };
		1E31B8E620EA5E0C008E6BA8 /* AppDelegate.swift */ = {isa = PBXFileReference; lastKnownFileType = sourcecode.swift; path = AppDelegate.swift; sourceTree = "<group>"; };
		1E31B8E820EA5E0C008E6BA8 /* ToDoListViewController.swift */ = {isa = PBXFileReference; lastKnownFileType = sourcecode.swift; path = ToDoListViewController.swift; sourceTree = "<group>"; };
		1E31B8EB20EA5E0C008E6BA8 /* Base */ = {isa = PBXFileReference; lastKnownFileType = file.storyboard; name = Base; path = Base.lproj/Main.storyboard; sourceTree = "<group>"; };
		1E31B8ED20EA5E12008E6BA8 /* Assets.xcassets */ = {isa = PBXFileReference; lastKnownFileType = folder.assetcatalog; path = Assets.xcassets; sourceTree = "<group>"; };
		1E31B8F020EA5E12008E6BA8 /* Base */ = {isa = PBXFileReference; lastKnownFileType = file.storyboard; name = Base; path = Base.lproj/LaunchScreen.storyboard; sourceTree = "<group>"; };
		1E31B8F220EA5E12008E6BA8 /* Info.plist */ = {isa = PBXFileReference; lastKnownFileType = text.plist.xml; path = Info.plist; sourceTree = "<group>"; };
		1EDA87AC20ECF28000141AAF /* DataModel.xcdatamodel */ = {isa = PBXFileReference; lastKnownFileType = wrapper.xcdatamodel; path = DataModel.xcdatamodel; sourceTree = "<group>"; };
		1EDA87AE20EEA38300141AAF /* CategoryViewController.swift */ = {isa = PBXFileReference; lastKnownFileType = sourcecode.swift; name = CategoryViewController.swift; path = Controller/CategoryViewController.swift; sourceTree = SOURCE_ROOT; };
/* End PBXFileReference section */

/* Begin PBXFrameworksBuildPhase section */
		1E31B8E020EA5E0C008E6BA8 /* Frameworks */ = {
			isa = PBXFrameworksBuildPhase;
			buildActionMask = 2147483647;
			files = (
			);
			runOnlyForDeploymentPostprocessing = 0;
		};
/* End PBXFrameworksBuildPhase section */

/* Begin PBXGroup section */
		1E31B8DA20EA5E0C008E6BA8 = {
			isa = PBXGroup;
			children = (
				1EDA878620ECB70B00141AAF /* View */,
				1EDA878520ECB70400141AAF /* Controller */,
				1EDA878420ECB6A800141AAF /* Model */,
				1E31B8E520EA5E0C008E6BA8 /* Supporting files */,
				1E31B8E420EA5E0C008E6BA8 /* Products */,
			);
			sourceTree = "<group>";
		};
		1E31B8E420EA5E0C008E6BA8 /* Products */ = {
			isa = PBXGroup;
			children = (
				1E31B8E320EA5E0C008E6BA8 /* Todoey.app */,
			);
			name = Products;
			sourceTree = "<group>";
		};
		1E31B8E520EA5E0C008E6BA8 /* Supporting files */ = {
			isa = PBXGroup;
			children = (
				1E31B8E620EA5E0C008E6BA8 /* AppDelegate.swift */,
				1E31B8ED20EA5E12008E6BA8 /* Assets.xcassets */,
				1E31B8EF20EA5E12008E6BA8 /* LaunchScreen.storyboard */,
				1E31B8F220EA5E12008E6BA8 /* Info.plist */,
			);
			path = "Supporting files";
			sourceTree = "<group>";
		};
		1EDA878420ECB6A800141AAF /* Model */ = {
			isa = PBXGroup;
			children = (
				1EDA87AB20ECF28000141AAF /* DataModel.xcdatamodeld */,
			);
			path = Model;
			sourceTree = "<group>";
		};
		1EDA878520ECB70400141AAF /* Controller */ = {
			isa = PBXGroup;
			children = (
				1EDA87AE20EEA38300141AAF /* CategoryViewController.swift */,
				1E31B8E820EA5E0C008E6BA8 /* ToDoListViewController.swift */,
			);
			path = Controller;
			sourceTree = "<group>";
		};
		1EDA878620ECB70B00141AAF /* View */ = {
			isa = PBXGroup;
			children = (
				1E31B8EA20EA5E0C008E6BA8 /* Main.storyboard */,
			);
			path = View;
			sourceTree = "<group>";
		};
/* End PBXGroup section */

/* Begin PBXNativeTarget section */
		1E31B8E220EA5E0C008E6BA8 /* Todoey */ = {
			isa = PBXNativeTarget;
			buildConfigurationList = 1E31B8F520EA5E12008E6BA8 /* Build configuration list for PBXNativeTarget "Todoey" */;
			buildPhases = (
				1E31B8DF20EA5E0C008E6BA8 /* Sources */,
				1E31B8E020EA5E0C008E6BA8 /* Frameworks */,
				1E31B8E120EA5E0C008E6BA8 /* Resources */,
			);
			buildRules = (
			);
			dependencies = (
			);
			name = Todoey;
			productName = Todoey;
			productReference = 1E31B8E320EA5E0C008E6BA8 /* Todoey.app */;
			productType = "com.apple.product-type.application";
		};
/* End PBXNativeTarget section */

/* Begin PBXProject section */
		1E31B8DB20EA5E0C008E6BA8 /* Project object */ = {
			isa = PBXProject;
			attributes = {
				LastSwiftUpdateCheck = 0940;
				LastUpgradeCheck = 0940;
				ORGANIZATIONNAME = Denovo;
				TargetAttributes = {
					1E31B8E220EA5E0C008E6BA8 = {
						CreatedOnToolsVersion = 9.4.1;
					};
				};
			};
			buildConfigurationList = 1E31B8DE20EA5E0C008E6BA8 /* Build configuration list for PBXProject "Todoey" */;
			compatibilityVersion = "Xcode 9.3";
			developmentRegion = en;
			hasScannedForEncodings = 0;
			knownRegions = (
				en,
				Base,
			);
			mainGroup = 1E31B8DA20EA5E0C008E6BA8;
			productRefGroup = 1E31B8E420EA5E0C008E6BA8 /* Products */;
			projectDirPath = "";
			projectRoot = "";
			targets = (
				1E31B8E220EA5E0C008E6BA8 /* Todoey */,
			);
		};
/* End PBXProject section */

/* Begin PBXResourcesBuildPhase section */
		1E31B8E120EA5E0C008E6BA8 /* Resources */ = {
			isa = PBXResourcesBuildPhase;
			buildActionMask = 2147483647;
			files = (
				1E31B8F120EA5E12008E6BA8 /* LaunchScreen.storyboard in Resources */,
				1E31B8EE20EA5E12008E6BA8 /* Assets.xcassets in Resources */,
				1E31B8EC20EA5E0C008E6BA8 /* Main.storyboard in Resources */,
			);
			runOnlyForDeploymentPostprocessing = 0;
		};
/* End PBXResourcesBuildPhase section */

/* Begin PBXSourcesBuildPhase section */
		1E31B8DF20EA5E0C008E6BA8 /* Sources */ = {
			isa = PBXSourcesBuildPhase;
			buildActionMask = 2147483647;
			files = (
				1EDA87AF20EEA38300141AAF /* CategoryViewController.swift in Sources */,
				1E31B8E920EA5E0C008E6BA8 /* ToDoListViewController.swift in Sources */,
				1EDA87AD20ECF28000141AAF /* DataModel.xcdatamodeld in Sources */,
				1E31B8E720EA5E0C008E6BA8 /* AppDelegate.swift in Sources */,
			);
			runOnlyForDeploymentPostprocessing = 0;
		};
/* End PBXSourcesBuildPhase section */

/* Begin PBXVariantGroup section */
		1E31B8EA20EA5E0C008E6BA8 /* Main.storyboard */ = {
			isa = PBXVariantGroup;
			children = (
				1E31B8EB20EA5E0C008E6BA8 /* Base */,
			);
			name = Main.storyboard;
			sourceTree = "<group>";
		};
		1E31B8EF20EA5E12008E6BA8 /* LaunchScreen.storyboard */ = {
			isa = PBXVariantGroup;
			children = (
				1E31B8F020EA5E12008E6BA8 /* Base */,
			);
			name = LaunchScreen.storyboard;
			sourceTree = "<group>";
		};
/* End PBXVariantGroup section */

/* Begin XCBuildConfiguration section */
		1E31B8F320EA5E12008E6BA8 /* Debug */ = {
			isa = XCBuildConfiguration;
			buildSettings = {
				ALWAYS_SEARCH_USER_PATHS = NO;
				CLANG_ANALYZER_NONNULL = YES;
				CLANG_ANALYZER_NUMBER_OBJECT_CONVERSION = YES_AGGRESSIVE;
				CLANG_CXX_LANGUAGE_STANDARD = "gnu++14";
				CLANG_CXX_LIBRARY = "libc++";
				CLANG_ENABLE_MODULES = YES;
				CLANG_ENABLE_OBJC_ARC = YES;
				CLANG_ENABLE_OBJC_WEAK = YES;
				CLANG_WARN_BLOCK_CAPTURE_AUTORELEASING = YES;
				CLANG_WARN_BOOL_CONVERSION = YES;
				CLANG_WARN_COMMA = YES;
				CLANG_WARN_CONSTANT_CONVERSION = YES;
				CLANG_WARN_DEPRECATED_OBJC_IMPLEMENTATIONS = YES;
				CLANG_WARN_DIRECT_OBJC_ISA_USAGE = YES_ERROR;
				CLANG_WARN_DOCUMENTATION_COMMENTS = YES;
				CLANG_WARN_EMPTY_BODY = YES;
				CLANG_WARN_ENUM_CONVERSION = YES;
				CLANG_WARN_INFINITE_RECURSION = YES;
				CLANG_WARN_INT_CONVERSION = YES;
				CLANG_WARN_NON_LITERAL_NULL_CONVERSION = YES;
				CLANG_WARN_OBJC_IMPLICIT_RETAIN_SELF = YES;
				CLANG_WARN_OBJC_LITERAL_CONVERSION = YES;
				CLANG_WARN_OBJC_ROOT_CLASS = YES_ERROR;
				CLANG_WARN_RANGE_LOOP_ANALYSIS = YES;
				CLANG_WARN_STRICT_PROTOTYPES = YES;
				CLANG_WARN_SUSPICIOUS_MOVE = YES;
				CLANG_WARN_UNGUARDED_AVAILABILITY = YES_AGGRESSIVE;
				CLANG_WARN_UNREACHABLE_CODE = YES;
				CLANG_WARN__DUPLICATE_METHOD_MATCH = YES;
				CODE_SIGN_IDENTITY = "iPhone Developer";
				COPY_PHASE_STRIP = NO;
				DEBUG_INFORMATION_FORMAT = dwarf;
				ENABLE_STRICT_OBJC_MSGSEND = YES;
				ENABLE_TESTABILITY = YES;
				GCC_C_LANGUAGE_STANDARD = gnu11;
				GCC_DYNAMIC_NO_PIC = NO;
				GCC_NO_COMMON_BLOCKS = YES;
				GCC_OPTIMIZATION_LEVEL = 0;
				GCC_PREPROCESSOR_DEFINITIONS = (
					"DEBUG=1",
					"$(inherited)",
				);
				GCC_WARN_64_TO_32_BIT_CONVERSION = YES;
				GCC_WARN_ABOUT_RETURN_TYPE = YES_ERROR;
				GCC_WARN_UNDECLARED_SELECTOR = YES;
				GCC_WARN_UNINITIALIZED_AUTOS = YES_AGGRESSIVE;
				GCC_WARN_UNUSED_FUNCTION = YES;
				GCC_WARN_UNUSED_VARIABLE = YES;
				IPHONEOS_DEPLOYMENT_TARGET = 11.4;
				MTL_ENABLE_DEBUG_INFO = YES;
				ONLY_ACTIVE_ARCH = YES;
				SDKROOT = iphoneos;
				SWIFT_ACTIVE_COMPILATION_CONDITIONS = DEBUG;
				SWIFT_OPTIMIZATION_LEVEL = "-Onone";
			};
			name = Debug;
		};
		1E31B8F420EA5E12008E6BA8 /* Release */ = {
			isa = XCBuildConfiguration;
			buildSettings = {
				ALWAYS_SEARCH_USER_PATHS = NO;
				CLANG_ANALYZER_NONNULL = YES;
				CLANG_ANALYZER_NUMBER_OBJECT_CONVERSION = YES_AGGRESSIVE;
				CLANG_CXX_LANGUAGE_STANDARD = "gnu++14";
				CLANG_CXX_LIBRARY = "libc++";
				CLANG_ENABLE_MODULES = YES;
				CLANG_ENABLE_OBJC_ARC = YES;
				CLANG_ENABLE_OBJC_WEAK = YES;
				CLANG_WARN_BLOCK_CAPTURE_AUTORELEASING = YES;
				CLANG_WARN_BOOL_CONVERSION = YES;
				CLANG_WARN_COMMA = YES;
				CLANG_WARN_CONSTANT_CONVERSION = YES;
				CLANG_WARN_DEPRECATED_OBJC_IMPLEMENTATIONS = YES;
				CLANG_WARN_DIRECT_OBJC_ISA_USAGE = YES_ERROR;
				CLANG_WARN_DOCUMENTATION_COMMENTS = YES;
				CLANG_WARN_EMPTY_BODY = YES;
				CLANG_WARN_ENUM_CONVERSION = YES;
				CLANG_WARN_INFINITE_RECURSION = YES;
				CLANG_WARN_INT_CONVERSION = YES;
				CLANG_WARN_NON_LITERAL_NULL_CONVERSION = YES;
				CLANG_WARN_OBJC_IMPLICIT_RETAIN_SELF = YES;
				CLANG_WARN_OBJC_LITERAL_CONVERSION = YES;
				CLANG_WARN_OBJC_ROOT_CLASS = YES_ERROR;
				CLANG_WARN_RANGE_LOOP_ANALYSIS = YES;
				CLANG_WARN_STRICT_PROTOTYPES = YES;
				CLANG_WARN_SUSPICIOUS_MOVE = YES;
				CLANG_WARN_UNGUARDED_AVAILABILITY = YES_AGGRESSIVE;
				CLANG_WARN_UNREACHABLE_CODE = YES;
				CLANG_WARN__DUPLICATE_METHOD_MATCH = YES;
				CODE_SIGN_IDENTITY = "iPhone Developer";
				COPY_PHASE_STRIP = NO;
				DEBUG_INFORMATION_FORMAT = "dwarf-with-dsym";
				ENABLE_NS_ASSERTIONS = NO;
				ENABLE_STRICT_OBJC_MSGSEND = YES;
				GCC_C_LANGUAGE_STANDARD = gnu11;
				GCC_NO_COMMON_BLOCKS = YES;
				GCC_WARN_64_TO_32_BIT_CONVERSION = YES;
				GCC_WARN_ABOUT_RETURN_TYPE = YES_ERROR;
				GCC_WARN_UNDECLARED_SELECTOR = YES;
				GCC_WARN_UNINITIALIZED_AUTOS = YES_AGGRESSIVE;
				GCC_WARN_UNUSED_FUNCTION = YES;
				GCC_WARN_UNUSED_VARIABLE = YES;
				IPHONEOS_DEPLOYMENT_TARGET = 11.4;
				MTL_ENABLE_DEBUG_INFO = NO;
				SDKROOT = iphoneos;
				SWIFT_COMPILATION_MODE = wholemodule;
				SWIFT_OPTIMIZATION_LEVEL = "-O";
				VALIDATE_PRODUCT = YES;
			};
			name = Release;
		};
		1E31B8F620EA5E12008E6BA8 /* Debug */ = {
			isa = XCBuildConfiguration;
			buildSettings = {
				ASSETCATALOG_COMPILER_APPICON_NAME = AppIcon;
				CODE_SIGN_STYLE = Automatic;
				DEVELOPMENT_TEAM = LXBS3652AZ;
				INFOPLIST_FILE = "$(SRCROOT)/Supporting files/Info.plist";
				IPHONEOS_DEPLOYMENT_TARGET = 11.4;
				LD_RUNPATH_SEARCH_PATHS = (
					"$(inherited)",
					"@executable_path/Frameworks",
				);
				PRODUCT_BUNDLE_IDENTIFIER = com.denovo.Todoey;
				PRODUCT_NAME = "$(TARGET_NAME)";
				SWIFT_VERSION = 4.0;
				TARGETED_DEVICE_FAMILY = "1,2";
			};
			name = Debug;
		};
		1E31B8F720EA5E12008E6BA8 /* Release */ = {
			isa = XCBuildConfiguration;
			buildSettings = {
				ASSETCATALOG_COMPILER_APPICON_NAME = AppIcon;
				CODE_SIGN_STYLE = Automatic;
				DEVELOPMENT_TEAM = LXBS3652AZ;
				INFOPLIST_FILE = "$(SRCROOT)/Supporting files/Info.plist";
				IPHONEOS_DEPLOYMENT_TARGET = 11.4;
				LD_RUNPATH_SEARCH_PATHS = (
					"$(inherited)",
					"@executable_path/Frameworks",
				);
				PRODUCT_BUNDLE_IDENTIFIER = com.denovo.Todoey;
				PRODUCT_NAME = "$(TARGET_NAME)";
				SWIFT_VERSION = 4.0;
				TARGETED_DEVICE_FAMILY = "1,2";
			};
			name = Release;
		};
/* End XCBuildConfiguration section */

/* Begin XCConfigurationList section */
		1E31B8DE20EA5E0C008E6BA8 /* Build configuration list for PBXProject "Todoey" */ = {
			isa = XCConfigurationList;
			buildConfigurations = (
				1E31B8F320EA5E12008E6BA8 /* Debug */,
				1E31B8F420EA5E12008E6BA8 /* Release */,
			);
			defaultConfigurationIsVisible = 0;
			defaultConfigurationName = Release;
		};
		1E31B8F520EA5E12008E6BA8 /* Build configuration list for PBXNativeTarget "Todoey" */ = {
			isa = XCConfigurationList;
			buildConfigurations = (
				1E31B8F620EA5E12008E6BA8 /* Debug */,
				1E31B8F720EA5E12008E6BA8 /* Release */,
			);
			defaultConfigurationIsVisible = 0;
			defaultConfigurationName = Release;
		};
/* End XCConfigurationList section */

/* Begin XCVersionGroup section */
		1EDA87AB20ECF28000141AAF /* DataModel.xcdatamodeld */ = {
			isa = XCVersionGroup;
			children = (
				1EDA87AC20ECF28000141AAF /* DataModel.xcdatamodel */,
			);
			currentVersion = 1EDA87AC20ECF28000141AAF /* DataModel.xcdatamodel */;
			path = DataModel.xcdatamodeld;
			sourceTree = "<group>";
			versionGroupType = wrapper.xcdatamodel;
		};
/* End XCVersionGroup section */
	};
	rootObject = 1E31B8DB20EA5E0C008E6BA8 /* Project object */;
}
